{
  "version": 4,
  "terraform_version": "1.6.6",
  "serial": 12,
  "lineage": "09a1b496-b723-2f79-7633-f9f28f2dcbdf",
  "outputs": {
    "public_ip": {
      "value": "3.133.118.83",
      "type": "string"
    }
  },
  "resources": [
    {
      "mode": "managed",
      "type": "aws_instance",
      "name": "example",
      "provider": "provider[\"registry.terraform.io/hashicorp/aws\"]",
      "instances": [
        {
          "schema_version": 1,
          "attributes": {
            "ami": "ami-0fb653ca2d3203ac1",
            "arn": "arn:aws:ec2:us-east-2:521253965245:instance/i-09ee6c27b8500b609",
            "associate_public_ip_address": true,
            "availability_zone": "us-east-2a",
            "capacity_reservation_specification": [
              {
                "capacity_reservation_preference": "open",
                "capacity_reservation_target": []
              }
            ],
            "cpu_core_count": 1,
            "cpu_options": [
              {
                "amd_sev_snp": "",
                "core_count": 1,
                "threads_per_core": 1
              }
            ],
            "cpu_threads_per_core": 1,
            "credit_specification": [
              {
                "cpu_credits": "standard"
              }
            ],
            "disable_api_stop": false,
            "disable_api_termination": false,
            "ebs_block_device": [],
            "ebs_optimized": false,
            "enclave_options": [
              {
                "enabled": false
              }
            ],
            "ephemeral_block_device": [],
            "get_password_data": false,
            "hibernation": false,
            "host_id": "",
            "host_resource_group_arn": null,
            "iam_instance_profile": "",
            "id": "i-09ee6c27b8500b609",
            "instance_initiated_shutdown_behavior": "stop",
            "instance_lifecycle": "",
            "instance_market_options": [],
            "instance_state": "running",
            "instance_type": "t2.micro",
            "ipv6_address_count": 0,
            "ipv6_addresses": [],
            "key_name": "",
            "launch_template": [],
            "maintenance_options": [
              {
                "auto_recovery": "default"
              }
            ],
            "metadata_options": [
              {
                "http_endpoint": "enabled",
                "http_protocol_ipv6": "disabled",
                "http_put_response_hop_limit": 1,
                "http_tokens": "optional",
                "instance_metadata_tags": "disabled"
              }
            ],
            "monitoring": false,
            "network_interface": [],
            "outpost_arn": "",
            "password_data": "",
            "placement_group": "",
            "placement_partition_number": 0,
            "primary_network_interface_id": "eni-06890c16ce83045f6",
            "private_dns": "ip-172-31-6-70.us-east-2.compute.internal",
            "private_dns_name_options": [
              {
                "enable_resource_name_dns_a_record": false,
                "enable_resource_name_dns_aaaa_record": false,
                "hostname_type": "ip-name"
              }
            ],
            "private_ip": "172.31.6.70",
            "public_dns": "ec2-3-133-118-83.us-east-2.compute.amazonaws.com",
            "public_ip": "3.133.118.83",
            "root_block_device": [
              {
                "delete_on_termination": true,
                "device_name": "/dev/sda1",
                "encrypted": false,
                "iops": 100,
                "kms_key_id": "",
                "tags": {},
                "throughput": 0,
                "volume_id": "vol-0f6ea651cbfb22eac",
                "volume_size": 8,
                "volume_type": "gp2"
              }
            ],
            "secondary_private_ips": [],
            "security_groups": [
              "my-first-terraform-aws_security_group"
            ],
            "source_dest_check": true,
            "spot_instance_request_id": "",
            "subnet_id": "subnet-00102d91f7f0c73b7",
            "tags": {
              "Name": "my-first-terraform-instance"
            },
            "tags_all": {
              "Name": "my-first-terraform-instance"
            },
            "tenancy": "default",
            "timeouts": null,
            "user_data": "c765373c563b260626d113c4a56a46e8a8c5ca33",
            "user_data_base64": null,
            "user_data_replace_on_change": true,
            "volume_tags": null,
            "vpc_security_group_ids": [
              "sg-0936ff90bb909b7f3"
            ]
          },
          "sensitive_attributes": [],
          "private": "eyJlMmJmYjczMC1lY2FhLTExZTYtOGY4OC0zNDM2M2JjN2M0YzAiOnsiY3JlYXRlIjo2MDAwMDAwMDAwMDAsImRlbGV0ZSI6MTIwMDAwMDAwMDAwMCwidXBkYXRlIjo2MDAwMDAwMDAwMDB9LCJzY2hlbWFfdmVyc2lvbiI6IjEifQ==",
          "dependencies": [
            "aws_security_group.instance"
          ]
        }
      ]
    },
    {
      "mode": "managed",
      "type": "aws_security_group",
      "name": "instance",
      "provider": "provider[\"registry.terraform.io/hashicorp/aws\"]",
      "instances": [
        {
          "schema_version": 1,
          "attributes": {
            "arn": "arn:aws:ec2:us-east-2:521253965245:security-group/sg-0936ff90bb909b7f3",
            "description": "Managed by Terraform",
            "egress": [],
            "id": "sg-0936ff90bb909b7f3",
            "ingress": [
              {
                "cidr_blocks": [
                  "0.0.0.0/0"
                ],
                "description": "",
                "from_port": 8080,
                "ipv6_cidr_blocks": [],
                "prefix_list_ids": [],
                "protocol": "tcp",
                "security_groups": [],
                "self": false,
                "to_port": 8080
              }
            ],
            "name": "my-first-terraform-aws_security_group",
            "name_prefix": "",
            "owner_id": "521253965245",
            "revoke_rules_on_delete": false,
            "tags": {},
            "tags_all": {},
            "timeouts": null,
            "vpc_id": "vpc-0c803dfe14e0a144f"
          },
          "sensitive_attributes": [],
          "private": "eyJlMmJmYjczMC1lY2FhLTExZTYtOGY4OC0zNDM2M2JjN2M0YzAiOnsiY3JlYXRlIjo2MDAwMDAwMDAwMDAsImRlbGV0ZSI6OTAwMDAwMDAwMDAwfSwic2NoZW1hX3ZlcnNpb24iOiIxIn0="
        }
      ]
    }
  ],
  "check_results": null
}
